
Microsoft Visual Studio Solution File, Format Version 12.00
# Visual Studio Version 17
VisualStudioVersion = 17.0.31903.59
MinimumVisualStudioVersion = 10.0.40219.1
Project("{2150E333-8FDC-42A3-9474-1A3956D46DE8}") = "src", "src", "{863FBDDA-24CB-4624-AB65-900D6A53630E}"
EndProject
Project("{FAE04EC0-301F-11D3-BF4B-00C04F79EFBC}") = "Energinet.Forecast.Api", "src\Energinet.Forecast.Api\Energinet.Forecast.Api.csproj", "{ABAC228A-7485-4E22-8EE1-9C39FE8C3605}"
EndProject
Project("{2150E333-8FDC-42A3-9474-1A3956D46DE8}") = "tests", "tests", "{582B1E4F-D687-4608-ABE4-011240DAAA19}"
EndProject
Project("{FAE04EC0-301F-11D3-BF4B-00C04F79EFBC}") = "Energinet.Forecast.Api.Tests", "tests\Energinet.Forecast.Api.Tests\Energinet.Forecast.Api.Tests.csproj", "{A1C9749A-CFAC-41D9-8ADA-E2D6E839B2C3}"
EndProject
Global
	GlobalSection(SolutionConfigurationPlatforms) = preSolution
		Debug|Any CPU = Debug|Any CPU
		Release|Any CPU = Release|Any CPU
	EndGlobalSection
	GlobalSection(SolutionProperties) = preSolution
		HideSolutionNode = FALSE
	EndGlobalSection
	GlobalSection(ProjectConfigurationPlatforms) = postSolution
		{ABAC228A-7485-4E22-8EE1-9C39FE8C3605}.Debug|Any CPU.ActiveCfg = Debug|Any CPU
		{ABAC228A-7485-4E22-8EE1-9C39FE8C3605}.Debug|Any CPU.Build.0 = Debug|Any CPU
		{ABAC228A-7485-4E22-8EE1-9C39FE8C3605}.Release|Any CPU.ActiveCfg = Release|Any CPU
		{ABAC228A-7485-4E22-8EE1-9C39FE8C3605}.Release|Any CPU.Build.0 = Release|Any CPU
		{A1C9749A-CFAC-41D9-8ADA-E2D6E839B2C3}.Debug|Any CPU.ActiveCfg = Debug|Any CPU
		{A1C9749A-CFAC-41D9-8ADA-E2D6E839B2C3}.Debug|Any CPU.Build.0 = Debug|Any CPU
		{A1C9749A-CFAC-41D9-8ADA-E2D6E839B2C3}.Release|Any CPU.ActiveCfg = Release|Any CPU
		{A1C9749A-CFAC-41D9-8ADA-E2D6E839B2C3}.Release|Any CPU.Build.0 = Release|Any CPU
	EndGlobalSection
	GlobalSection(NestedProjects) = preSolution
		{ABAC228A-7485-4E22-8EE1-9C39FE8C3605} = {863FBDDA-24CB-4624-AB65-900D6A53630E}
		{A1C9749A-CFAC-41D9-8ADA-E2D6E839B2C3} = {582B1E4F-D687-4608-ABE4-011240DAAA19}
	EndGlobalSection
EndGlobal
